// !$*UTF8*$!
{
	archiveVersion = 1;
	classes = {
	};
	objectVersion = 51;
	objects = {

/* Begin PBXBuildFile section */
		A68DB3656A614240EF7E1EE6 /* Pods_TorontoBikeShare_WatchKit_App.framework in Frameworks */ = {isa = PBXBuildFile; fileRef = CC2D51BC2509F48BFB388CAB /* Pods_TorontoBikeShare_WatchKit_App.framework */; };
		AD4BC4D024D8E3AB00509A0F /* DataFetcher.swift in Sources */ = {isa = PBXBuildFile; fileRef = AD5E78B524D8BEF100DF9EBF /* DataFetcher.swift */; };
		AD4BC4D124D8E45800509A0F /* BikeStation.swift in Sources */ = {isa = PBXBuildFile; fileRef = AD5E78B324D8BDFF00DF9EBF /* BikeStation.swift */; };
		AD4BC4D324D8ED8B00509A0F /* FavoritesInterfaceController.swift in Sources */ = {isa = PBXBuildFile; fileRef = AD4BC4D224D8ED8B00509A0F /* FavoritesInterfaceController.swift */; };
		AD4BC4D524D914F600509A0F /* BikeAnnotation.swift in Sources */ = {isa = PBXBuildFile; fileRef = AD4BC4D424D914F600509A0F /* BikeAnnotation.swift */; };
		AD4BC4D724D91B5B00509A0F /* FavoriteButton.swift in Sources */ = {isa = PBXBuildFile; fileRef = AD4BC4D624D91B5B00509A0F /* FavoriteButton.swift */; };
		AD4BC4D924D91F9200509A0F /* Favorites.json in Resources */ = {isa = PBXBuildFile; fileRef = AD4BC4D824D91F9200509A0F /* Favorites.json */; };
		AD5E787824D8BB4000DF9EBF /* AppDelegate.swift in Sources */ = {isa = PBXBuildFile; fileRef = AD5E787724D8BB4000DF9EBF /* AppDelegate.swift */; };
		AD5E787A24D8BB4000DF9EBF /* SceneDelegate.swift in Sources */ = {isa = PBXBuildFile; fileRef = AD5E787924D8BB4000DF9EBF /* SceneDelegate.swift */; };
		AD5E787C24D8BB4000DF9EBF /* ViewController.swift in Sources */ = {isa = PBXBuildFile; fileRef = AD5E787B24D8BB4000DF9EBF /* ViewController.swift */; };
		AD5E787F24D8BB4000DF9EBF /* Main.storyboard in Resources */ = {isa = PBXBuildFile; fileRef = AD5E787D24D8BB4000DF9EBF /* Main.storyboard */; };
		AD5E788124D8BB4100DF9EBF /* Assets.xcassets in Resources */ = {isa = PBXBuildFile; fileRef = AD5E788024D8BB4100DF9EBF /* Assets.xcassets */; };
		AD5E788424D8BB4100DF9EBF /* LaunchScreen.storyboard in Resources */ = {isa = PBXBuildFile; fileRef = AD5E788224D8BB4100DF9EBF /* LaunchScreen.storyboard */; };
		AD5E788924D8BB4100DF9EBF /* TorontoBikeShare WatchKit App.app in Embed Watch Content */ = {isa = PBXBuildFile; fileRef = AD5E788824D8BB4100DF9EBF /* TorontoBikeShare WatchKit App.app */; settings = {ATTRIBUTES = (RemoveHeadersOnCopy, ); }; };
		AD5E788F24D8BB4100DF9EBF /* Interface.storyboard in Resources */ = {isa = PBXBuildFile; fileRef = AD5E788D24D8BB4100DF9EBF /* Interface.storyboard */; };
		AD5E789124D8BB4200DF9EBF /* Assets.xcassets in Resources */ = {isa = PBXBuildFile; fileRef = AD5E789024D8BB4200DF9EBF /* Assets.xcassets */; };
		AD5E789824D8BB4200DF9EBF /* TorontoBikeShare WatchKit Extension.appex in Embed App Extensions */ = {isa = PBXBuildFile; fileRef = AD5E789724D8BB4200DF9EBF /* TorontoBikeShare WatchKit Extension.appex */; settings = {ATTRIBUTES = (RemoveHeadersOnCopy, ); }; };
		AD5E789D24D8BB4200DF9EBF /* InterfaceController.swift in Sources */ = {isa = PBXBuildFile; fileRef = AD5E789C24D8BB4200DF9EBF /* InterfaceController.swift */; };
		AD5E789F24D8BB4200DF9EBF /* ExtensionDelegate.swift in Sources */ = {isa = PBXBuildFile; fileRef = AD5E789E24D8BB4200DF9EBF /* ExtensionDelegate.swift */; };
		AD5E78A124D8BB4200DF9EBF /* NotificationController.swift in Sources */ = {isa = PBXBuildFile; fileRef = AD5E78A024D8BB4200DF9EBF /* NotificationController.swift */; };
		AD5E78A324D8BB4200DF9EBF /* Assets.xcassets in Resources */ = {isa = PBXBuildFile; fileRef = AD5E78A224D8BB4200DF9EBF /* Assets.xcassets */; };
		AD5E78B424D8BDFF00DF9EBF /* BikeStation.swift in Sources */ = {isa = PBXBuildFile; fileRef = AD5E78B324D8BDFF00DF9EBF /* BikeStation.swift */; };
		AD5E78B624D8BEF100DF9EBF /* DataFetcher.swift in Sources */ = {isa = PBXBuildFile; fileRef = AD5E78B524D8BEF100DF9EBF /* DataFetcher.swift */; };
		F0FCB8FAEDD01C998967E156 /* Pods_TorontoBikeShare_WatchKit_Extension.framework in Frameworks */ = {isa = PBXBuildFile; fileRef = AE569F8D400F92D577C23267 /* Pods_TorontoBikeShare_WatchKit_Extension.framework */; };
		FB42E0A40DEC9DC6D3241432 /* Pods_TorontoBikeShare.framework in Frameworks */ = {isa = PBXBuildFile; fileRef = 62EA8BFA454D668DD45BF771 /* Pods_TorontoBikeShare.framework */; };
/* End PBXBuildFile section */

/* Begin PBXContainerItemProxy section */
		AD5E788A24D8BB4100DF9EBF /* PBXContainerItemProxy */ = {
			isa = PBXContainerItemProxy;
			containerPortal = AD5E786C24D8BB4000DF9EBF /* Project object */;
			proxyType = 1;
			remoteGlobalIDString = AD5E788724D8BB4100DF9EBF;
			remoteInfo = "TorontoBikeShare WatchKit App";
		};
		AD5E789924D8BB4200DF9EBF /* PBXContainerItemProxy */ = {
			isa = PBXContainerItemProxy;
			containerPortal = AD5E786C24D8BB4000DF9EBF /* Project object */;
			proxyType = 1;
			remoteGlobalIDString = AD5E789624D8BB4200DF9EBF;
			remoteInfo = "TorontoBikeShare WatchKit Extension";
		};
/* End PBXContainerItemProxy section */

/* Begin PBXCopyFilesBuildPhase section */
		AD5E78AB24D8BB4200DF9EBF /* Embed App Extensions */ = {
			isa = PBXCopyFilesBuildPhase;
			buildActionMask = 2147483647;
			dstPath = "";
			dstSubfolderSpec = 13;
			files = (
				AD5E789824D8BB4200DF9EBF /* TorontoBikeShare WatchKit Extension.appex in Embed App Extensions */,
			);
			name = "Embed App Extensions";
			runOnlyForDeploymentPostprocessing = 0;
		};
		AD5E78AF24D8BB4200DF9EBF /* Embed Watch Content */ = {
			isa = PBXCopyFilesBuildPhase;
			buildActionMask = 2147483647;
			dstPath = "$(CONTENTS_FOLDER_PATH)/Watch";
			dstSubfolderSpec = 16;
			files = (
				AD5E788924D8BB4100DF9EBF /* TorontoBikeShare WatchKit App.app in Embed Watch Content */,
			);
			name = "Embed Watch Content";
			runOnlyForDeploymentPostprocessing = 0;
		};
/* End PBXCopyFilesBuildPhase section */

/* Begin PBXFileReference section */
		36788278EC8839C844D0B7D0 /* Pods-TorontoBikeShare WatchKit App.release.xcconfig */ = {isa = PBXFileReference; includeInIndex = 1; lastKnownFileType = text.xcconfig; name = "Pods-TorontoBikeShare WatchKit App.release.xcconfig"; path = "Target Support Files/Pods-TorontoBikeShare WatchKit App/Pods-TorontoBikeShare WatchKit App.release.xcconfig"; sourceTree = "<group>"; };
		62EA8BFA454D668DD45BF771 /* Pods_TorontoBikeShare.framework */ = {isa = PBXFileReference; explicitFileType = wrapper.framework; includeInIndex = 0; path = Pods_TorontoBikeShare.framework; sourceTree = BUILT_PRODUCTS_DIR; };
		63B7D64D41C324B4295CE63D /* Pods-TorontoBikeShare.release.xcconfig */ = {isa = PBXFileReference; includeInIndex = 1; lastKnownFileType = text.xcconfig; name = "Pods-TorontoBikeShare.release.xcconfig"; path = "Target Support Files/Pods-TorontoBikeShare/Pods-TorontoBikeShare.release.xcconfig"; sourceTree = "<group>"; };
		8C307FC5EAA9B7127309F62C /* Pods-TorontoBikeShare WatchKit Extension.debug.xcconfig */ = {isa = PBXFileReference; includeInIndex = 1; lastKnownFileType = text.xcconfig; name = "Pods-TorontoBikeShare WatchKit Extension.debug.xcconfig"; path = "Target Support Files/Pods-TorontoBikeShare WatchKit Extension/Pods-TorontoBikeShare WatchKit Extension.debug.xcconfig"; sourceTree = "<group>"; };
		A866D93359FE24BC7EB4DF11 /* Pods-TorontoBikeShare WatchKit App.debug.xcconfig */ = {isa = PBXFileReference; includeInIndex = 1; lastKnownFileType = text.xcconfig; name = "Pods-TorontoBikeShare WatchKit App.debug.xcconfig"; path = "Target Support Files/Pods-TorontoBikeShare WatchKit App/Pods-TorontoBikeShare WatchKit App.debug.xcconfig"; sourceTree = "<group>"; };
		AD4BC4D224D8ED8B00509A0F /* FavoritesInterfaceController.swift */ = {isa = PBXFileReference; lastKnownFileType = sourcecode.swift; path = FavoritesInterfaceController.swift; sourceTree = "<group>"; };
		AD4BC4D424D914F600509A0F /* BikeAnnotation.swift */ = {isa = PBXFileReference; lastKnownFileType = sourcecode.swift; path = BikeAnnotation.swift; sourceTree = "<group>"; };
		AD4BC4D624D91B5B00509A0F /* FavoriteButton.swift */ = {isa = PBXFileReference; lastKnownFileType = sourcecode.swift; path = FavoriteButton.swift; sourceTree = "<group>"; };
		AD4BC4D824D91F9200509A0F /* Favorites.json */ = {isa = PBXFileReference; lastKnownFileType = text.json; path = Favorites.json; sourceTree = "<group>"; };
		AD5E787424D8BB4000DF9EBF /* TorontoBikeShare.app */ = {isa = PBXFileReference; explicitFileType = wrapper.application; includeInIndex = 0; path = TorontoBikeShare.app; sourceTree = BUILT_PRODUCTS_DIR; };
		AD5E787724D8BB4000DF9EBF /* AppDelegate.swift */ = {isa = PBXFileReference; lastKnownFileType = sourcecode.swift; path = AppDelegate.swift; sourceTree = "<group>"; };
		AD5E787924D8BB4000DF9EBF /* SceneDelegate.swift */ = {isa = PBXFileReference; lastKnownFileType = sourcecode.swift; path = SceneDelegate.swift; sourceTree = "<group>"; };
		AD5E787B24D8BB4000DF9EBF /* ViewController.swift */ = {isa = PBXFileReference; lastKnownFileType = sourcecode.swift; path = ViewController.swift; sourceTree = "<group>"; };
		AD5E787E24D8BB4000DF9EBF /* Base */ = {isa = PBXFileReference; lastKnownFileType = file.storyboard; name = Base; path = Base.lproj/Main.storyboard; sourceTree = "<group>"; };
		AD5E788024D8BB4100DF9EBF /* Assets.xcassets */ = {isa = PBXFileReference; lastKnownFileType = folder.assetcatalog; path = Assets.xcassets; sourceTree = "<group>"; };
		AD5E788324D8BB4100DF9EBF /* Base */ = {isa = PBXFileReference; lastKnownFileType = file.storyboard; name = Base; path = Base.lproj/LaunchScreen.storyboard; sourceTree = "<group>"; };
		AD5E788524D8BB4100DF9EBF /* Info.plist */ = {isa = PBXFileReference; lastKnownFileType = text.plist.xml; path = Info.plist; sourceTree = "<group>"; };
		AD5E788824D8BB4100DF9EBF /* TorontoBikeShare WatchKit App.app */ = {isa = PBXFileReference; explicitFileType = wrapper.application; includeInIndex = 0; path = "TorontoBikeShare WatchKit App.app"; sourceTree = BUILT_PRODUCTS_DIR; };
		AD5E788E24D8BB4100DF9EBF /* Base */ = {isa = PBXFileReference; lastKnownFileType = file.storyboard; name = Base; path = Base.lproj/Interface.storyboard; sourceTree = "<group>"; };
		AD5E789024D8BB4200DF9EBF /* Assets.xcassets */ = {isa = PBXFileReference; lastKnownFileType = folder.assetcatalog; path = Assets.xcassets; sourceTree = "<group>"; };
		AD5E789224D8BB4200DF9EBF /* Info.plist */ = {isa = PBXFileReference; lastKnownFileType = text.plist.xml; path = Info.plist; sourceTree = "<group>"; };
		AD5E789724D8BB4200DF9EBF /* TorontoBikeShare WatchKit Extension.appex */ = {isa = PBXFileReference; explicitFileType = "wrapper.app-extension"; includeInIndex = 0; path = "TorontoBikeShare WatchKit Extension.appex"; sourceTree = BUILT_PRODUCTS_DIR; };
		AD5E789C24D8BB4200DF9EBF /* InterfaceController.swift */ = {isa = PBXFileReference; lastKnownFileType = sourcecode.swift; path = InterfaceController.swift; sourceTree = "<group>"; };
		AD5E789E24D8BB4200DF9EBF /* ExtensionDelegate.swift */ = {isa = PBXFileReference; lastKnownFileType = sourcecode.swift; path = ExtensionDelegate.swift; sourceTree = "<group>"; };
		AD5E78A024D8BB4200DF9EBF /* NotificationController.swift */ = {isa = PBXFileReference; lastKnownFileType = sourcecode.swift; path = NotificationController.swift; sourceTree = "<group>"; };
		AD5E78A224D8BB4200DF9EBF /* Assets.xcassets */ = {isa = PBXFileReference; lastKnownFileType = folder.assetcatalog; path = Assets.xcassets; sourceTree = "<group>"; };
		AD5E78A424D8BB4200DF9EBF /* Info.plist */ = {isa = PBXFileReference; lastKnownFileType = text.plist.xml; path = Info.plist; sourceTree = "<group>"; };
		AD5E78A524D8BB4200DF9EBF /* PushNotificationPayload.apns */ = {isa = PBXFileReference; lastKnownFileType = text; path = PushNotificationPayload.apns; sourceTree = "<group>"; };
		AD5E78B324D8BDFF00DF9EBF /* BikeStation.swift */ = {isa = PBXFileReference; lastKnownFileType = sourcecode.swift; path = BikeStation.swift; sourceTree = "<group>"; };
		AD5E78B524D8BEF100DF9EBF /* DataFetcher.swift */ = {isa = PBXFileReference; lastKnownFileType = sourcecode.swift; path = DataFetcher.swift; sourceTree = "<group>"; };
		AE569F8D400F92D577C23267 /* Pods_TorontoBikeShare_WatchKit_Extension.framework */ = {isa = PBXFileReference; explicitFileType = wrapper.framework; includeInIndex = 0; path = Pods_TorontoBikeShare_WatchKit_Extension.framework; sourceTree = BUILT_PRODUCTS_DIR; };
		BB3ECD762B10E9F8D515CE53 /* Pods-TorontoBikeShare WatchKit Extension.release.xcconfig */ = {isa = PBXFileReference; includeInIndex = 1; lastKnownFileType = text.xcconfig; name = "Pods-TorontoBikeShare WatchKit Extension.release.xcconfig"; path = "Target Support Files/Pods-TorontoBikeShare WatchKit Extension/Pods-TorontoBikeShare WatchKit Extension.release.xcconfig"; sourceTree = "<group>"; };
		CC2D51BC2509F48BFB388CAB /* Pods_TorontoBikeShare_WatchKit_App.framework */ = {isa = PBXFileReference; explicitFileType = wrapper.framework; includeInIndex = 0; path = Pods_TorontoBikeShare_WatchKit_App.framework; sourceTree = BUILT_PRODUCTS_DIR; };
		E81CFE9457EAC6B43A331FDB /* Pods-TorontoBikeShare.debug.xcconfig */ = {isa = PBXFileReference; includeInIndex = 1; lastKnownFileType = text.xcconfig; name = "Pods-TorontoBikeShare.debug.xcconfig"; path = "Target Support Files/Pods-TorontoBikeShare/Pods-TorontoBikeShare.debug.xcconfig"; sourceTree = "<group>"; };
/* End PBXFileReference section */

/* Begin PBXFrameworksBuildPhase section */
		53011E6A222B3E360EC34954 /* Frameworks */ = {
			isa = PBXFrameworksBuildPhase;
			buildActionMask = 2147483647;
			files = (
				A68DB3656A614240EF7E1EE6 /* Pods_TorontoBikeShare_WatchKit_App.framework in Frameworks */,
			);
			runOnlyForDeploymentPostprocessing = 0;
		};
		AD5E787124D8BB4000DF9EBF /* Frameworks */ = {
			isa = PBXFrameworksBuildPhase;
			buildActionMask = 2147483647;
			files = (
				FB42E0A40DEC9DC6D3241432 /* Pods_TorontoBikeShare.framework in Frameworks */,
			);
			runOnlyForDeploymentPostprocessing = 0;
		};
		AD5E789424D8BB4200DF9EBF /* Frameworks */ = {
			isa = PBXFrameworksBuildPhase;
			buildActionMask = 2147483647;
			files = (
				F0FCB8FAEDD01C998967E156 /* Pods_TorontoBikeShare_WatchKit_Extension.framework in Frameworks */,
			);
			runOnlyForDeploymentPostprocessing = 0;
		};
/* End PBXFrameworksBuildPhase section */

/* Begin PBXGroup section */
		27B95E2BF5F866F8926BCF0B /* Frameworks */ = {
			isa = PBXGroup;
			children = (
				62EA8BFA454D668DD45BF771 /* Pods_TorontoBikeShare.framework */,
				CC2D51BC2509F48BFB388CAB /* Pods_TorontoBikeShare_WatchKit_App.framework */,
				AE569F8D400F92D577C23267 /* Pods_TorontoBikeShare_WatchKit_Extension.framework */,
			);
			name = Frameworks;
			sourceTree = "<group>";
		};
		55AA02560B2950E965A2D219 /* Pods */ = {
			isa = PBXGroup;
			children = (
				E81CFE9457EAC6B43A331FDB /* Pods-TorontoBikeShare.debug.xcconfig */,
				63B7D64D41C324B4295CE63D /* Pods-TorontoBikeShare.release.xcconfig */,
				A866D93359FE24BC7EB4DF11 /* Pods-TorontoBikeShare WatchKit App.debug.xcconfig */,
				36788278EC8839C844D0B7D0 /* Pods-TorontoBikeShare WatchKit App.release.xcconfig */,
				8C307FC5EAA9B7127309F62C /* Pods-TorontoBikeShare WatchKit Extension.debug.xcconfig */,
				BB3ECD762B10E9F8D515CE53 /* Pods-TorontoBikeShare WatchKit Extension.release.xcconfig */,
			);
			path = Pods;
			sourceTree = "<group>";
		};
		AD5E786B24D8BB4000DF9EBF = {
			isa = PBXGroup;
			children = (
				AD5E787624D8BB4000DF9EBF /* TorontoBikeShare */,
				AD5E788C24D8BB4100DF9EBF /* TorontoBikeShare WatchKit App */,
				AD5E789B24D8BB4200DF9EBF /* TorontoBikeShare WatchKit Extension */,
				AD5E787524D8BB4000DF9EBF /* Products */,
				55AA02560B2950E965A2D219 /* Pods */,
				27B95E2BF5F866F8926BCF0B /* Frameworks */,
			);
			sourceTree = "<group>";
		};
		AD5E787524D8BB4000DF9EBF /* Products */ = {
			isa = PBXGroup;
			children = (
				AD5E787424D8BB4000DF9EBF /* TorontoBikeShare.app */,
				AD5E788824D8BB4100DF9EBF /* TorontoBikeShare WatchKit App.app */,
				AD5E789724D8BB4200DF9EBF /* TorontoBikeShare WatchKit Extension.appex */,
			);
			name = Products;
			sourceTree = "<group>";
		};
		AD5E787624D8BB4000DF9EBF /* TorontoBikeShare */ = {
			isa = PBXGroup;
			children = (
				AD5E787724D8BB4000DF9EBF /* AppDelegate.swift */,
				AD5E787924D8BB4000DF9EBF /* SceneDelegate.swift */,
				AD4BC4D424D914F600509A0F /* BikeAnnotation.swift */,
				AD4BC4D624D91B5B00509A0F /* FavoriteButton.swift */,
				AD5E787B24D8BB4000DF9EBF /* ViewController.swift */,
				AD5E78B524D8BEF100DF9EBF /* DataFetcher.swift */,
				AD5E78B324D8BDFF00DF9EBF /* BikeStation.swift */,
				AD5E787D24D8BB4000DF9EBF /* Main.storyboard */,
				AD5E788024D8BB4100DF9EBF /* Assets.xcassets */,
				AD5E788224D8BB4100DF9EBF /* LaunchScreen.storyboard */,
				AD5E788524D8BB4100DF9EBF /* Info.plist */,
				AD4BC4D824D91F9200509A0F /* Favorites.json */,
			);
			path = TorontoBikeShare;
			sourceTree = "<group>";
		};
		AD5E788C24D8BB4100DF9EBF /* TorontoBikeShare WatchKit App */ = {
			isa = PBXGroup;
			children = (
				AD5E788D24D8BB4100DF9EBF /* Interface.storyboard */,
				AD5E789024D8BB4200DF9EBF /* Assets.xcassets */,
				AD5E789224D8BB4200DF9EBF /* Info.plist */,
			);
			path = "TorontoBikeShare WatchKit App";
			sourceTree = "<group>";
		};
		AD5E789B24D8BB4200DF9EBF /* TorontoBikeShare WatchKit Extension */ = {
			isa = PBXGroup;
			children = (
				AD5E789C24D8BB4200DF9EBF /* InterfaceController.swift */,
				AD5E789E24D8BB4200DF9EBF /* ExtensionDelegate.swift */,
				AD5E78A024D8BB4200DF9EBF /* NotificationController.swift */,
				AD5E78A224D8BB4200DF9EBF /* Assets.xcassets */,
				AD5E78A424D8BB4200DF9EBF /* Info.plist */,
				AD5E78A524D8BB4200DF9EBF /* PushNotificationPayload.apns */,
				AD4BC4D224D8ED8B00509A0F /* FavoritesInterfaceController.swift */,
			);
			path = "TorontoBikeShare WatchKit Extension";
			sourceTree = "<group>";
		};
/* End PBXGroup section */

/* Begin PBXNativeTarget section */
		AD5E787324D8BB4000DF9EBF /* TorontoBikeShare */ = {
			isa = PBXNativeTarget;
			buildConfigurationList = AD5E78B024D8BB4200DF9EBF /* Build configuration list for PBXNativeTarget "TorontoBikeShare" */;
			buildPhases = (
				78F104C1CB5B18FF4EE03FF0 /* [CP] Check Pods Manifest.lock */,
				AD5E787024D8BB4000DF9EBF /* Sources */,
				AD5E787124D8BB4000DF9EBF /* Frameworks */,
				AD5E787224D8BB4000DF9EBF /* Resources */,
				AD5E78AF24D8BB4200DF9EBF /* Embed Watch Content */,
				6CD7CD90A758198A2F8F33C3 /* [CP] Embed Pods Frameworks */,
			);
			buildRules = (
			);
			dependencies = (
				AD5E788B24D8BB4100DF9EBF /* PBXTargetDependency */,
			);
			name = TorontoBikeShare;
			productName = TorontoBikeShare;
			productReference = AD5E787424D8BB4000DF9EBF /* TorontoBikeShare.app */;
			productType = "com.apple.product-type.application";
		};
		AD5E788724D8BB4100DF9EBF /* TorontoBikeShare WatchKit App */ = {
			isa = PBXNativeTarget;
			buildConfigurationList = AD5E78AC24D8BB4200DF9EBF /* Build configuration list for PBXNativeTarget "TorontoBikeShare WatchKit App" */;
			buildPhases = (
				4BC60523FBBE213A958534CA /* [CP] Check Pods Manifest.lock */,
				AD5E788624D8BB4100DF9EBF /* Resources */,
				AD5E78AB24D8BB4200DF9EBF /* Embed App Extensions */,
				53011E6A222B3E360EC34954 /* Frameworks */,
			);
			buildRules = (
			);
			dependencies = (
				AD5E789A24D8BB4200DF9EBF /* PBXTargetDependency */,
			);
			name = "TorontoBikeShare WatchKit App";
			productName = "TorontoBikeShare WatchKit App";
			productReference = AD5E788824D8BB4100DF9EBF /* TorontoBikeShare WatchKit App.app */;
			productType = "com.apple.product-type.application.watchapp2";
		};
		AD5E789624D8BB4200DF9EBF /* TorontoBikeShare WatchKit Extension */ = {
			isa = PBXNativeTarget;
			buildConfigurationList = AD5E78A824D8BB4200DF9EBF /* Build configuration list for PBXNativeTarget "TorontoBikeShare WatchKit Extension" */;
			buildPhases = (
				242D926957B9E1360CA6DF18 /* [CP] Check Pods Manifest.lock */,
				AD5E789324D8BB4200DF9EBF /* Sources */,
				AD5E789424D8BB4200DF9EBF /* Frameworks */,
				AD5E789524D8BB4200DF9EBF /* Resources */,
				B6C17D4F3AFA5A019696E56B /* [CP] Embed Pods Frameworks */,
			);
			buildRules = (
			);
			dependencies = (
			);
			name = "TorontoBikeShare WatchKit Extension";
			productName = "TorontoBikeShare WatchKit Extension";
			productReference = AD5E789724D8BB4200DF9EBF /* TorontoBikeShare WatchKit Extension.appex */;
			productType = "com.apple.product-type.watchkit2-extension";
		};
/* End PBXNativeTarget section */

/* Begin PBXProject section */
		AD5E786C24D8BB4000DF9EBF /* Project object */ = {
			isa = PBXProject;
			attributes = {
				LastSwiftUpdateCheck = 1150;
				LastUpgradeCheck = 1150;
				ORGANIZATIONNAME = PhilippeYu;
				TargetAttributes = {
					AD5E787324D8BB4000DF9EBF = {
						CreatedOnToolsVersion = 11.5;
					};
					AD5E788724D8BB4100DF9EBF = {
						CreatedOnToolsVersion = 11.5;
					};
					AD5E789624D8BB4200DF9EBF = {
						CreatedOnToolsVersion = 11.5;
					};
				};
			};
			buildConfigurationList = AD5E786F24D8BB4000DF9EBF /* Build configuration list for PBXProject "TorontoBikeShare" */;
			compatibilityVersion = "Xcode 9.3";
			developmentRegion = en;
			hasScannedForEncodings = 0;
			knownRegions = (
				en,
				Base,
			);
			mainGroup = AD5E786B24D8BB4000DF9EBF;
			productRefGroup = AD5E787524D8BB4000DF9EBF /* Products */;
			projectDirPath = "";
			projectRoot = "";
			targets = (
				AD5E787324D8BB4000DF9EBF /* TorontoBikeShare */,
				AD5E788724D8BB4100DF9EBF /* TorontoBikeShare WatchKit App */,
				AD5E789624D8BB4200DF9EBF /* TorontoBikeShare WatchKit Extension */,
			);
		};
/* End PBXProject section */

/* Begin PBXResourcesBuildPhase section */
		AD5E787224D8BB4000DF9EBF /* Resources */ = {
			isa = PBXResourcesBuildPhase;
			buildActionMask = 2147483647;
			files = (
				AD5E788424D8BB4100DF9EBF /* LaunchScreen.storyboard in Resources */,
				AD4BC4D924D91F9200509A0F /* Favorites.json in Resources */,
				AD5E788124D8BB4100DF9EBF /* Assets.xcassets in Resources */,
				AD5E787F24D8BB4000DF9EBF /* Main.storyboard in Resources */,
			);
			runOnlyForDeploymentPostprocessing = 0;
		};
		AD5E788624D8BB4100DF9EBF /* Resources */ = {
			isa = PBXResourcesBuildPhase;
			buildActionMask = 2147483647;
			files = (
				AD5E789124D8BB4200DF9EBF /* Assets.xcassets in Resources */,
				AD5E788F24D8BB4100DF9EBF /* Interface.storyboard in Resources */,
			);
			runOnlyForDeploymentPostprocessing = 0;
		};
		AD5E789524D8BB4200DF9EBF /* Resources */ = {
			isa = PBXResourcesBuildPhase;
			buildActionMask = 2147483647;
			files = (
				AD5E78A324D8BB4200DF9EBF /* Assets.xcassets in Resources */,
			);
			runOnlyForDeploymentPostprocessing = 0;
		};
/* End PBXResourcesBuildPhase section */

/* Begin PBXShellScriptBuildPhase section */
		242D926957B9E1360CA6DF18 /* [CP] Check Pods Manifest.lock */ = {
			isa = PBXShellScriptBuildPhase;
			buildActionMask = 2147483647;
			files = (
			);
			inputFileListPaths = (
			);
			inputPaths = (
				"${PODS_PODFILE_DIR_PATH}/Podfile.lock",
				"${PODS_ROOT}/Manifest.lock",
			);
			name = "[CP] Check Pods Manifest.lock";
			outputFileListPaths = (
			);
			outputPaths = (
				"$(DERIVED_FILE_DIR)/Pods-TorontoBikeShare WatchKit Extension-checkManifestLockResult.txt",
			);
			runOnlyForDeploymentPostprocessing = 0;
			shellPath = /bin/sh;
			shellScript = "diff \"${PODS_PODFILE_DIR_PATH}/Podfile.lock\" \"${PODS_ROOT}/Manifest.lock\" > /dev/null\nif [ $? != 0 ] ; then\n    # print error to STDERR\n    echo \"error: The sandbox is not in sync with the Podfile.lock. Run 'pod install' or update your CocoaPods installation.\" >&2\n    exit 1\nfi\n# This output is used by Xcode 'outputs' to avoid re-running this script phase.\necho \"SUCCESS\" > \"${SCRIPT_OUTPUT_FILE_0}\"\n";
			showEnvVarsInLog = 0;
		};
		4BC60523FBBE213A958534CA /* [CP] Check Pods Manifest.lock */ = {
			isa = PBXShellScriptBuildPhase;
			buildActionMask = 2147483647;
			files = (
			);
			inputFileListPaths = (
			);
			inputPaths = (
				"${PODS_PODFILE_DIR_PATH}/Podfile.lock",
				"${PODS_ROOT}/Manifest.lock",
			);
			name = "[CP] Check Pods Manifest.lock";
			outputFileListPaths = (
			);
			outputPaths = (
				"$(DERIVED_FILE_DIR)/Pods-TorontoBikeShare WatchKit App-checkManifestLockResult.txt",
			);
			runOnlyForDeploymentPostprocessing = 0;
			shellPath = /bin/sh;
			shellScript = "diff \"${PODS_PODFILE_DIR_PATH}/Podfile.lock\" \"${PODS_ROOT}/Manifest.lock\" > /dev/null\nif [ $? != 0 ] ; then\n    # print error to STDERR\n    echo \"error: The sandbox is not in sync with the Podfile.lock. Run 'pod install' or update your CocoaPods installation.\" >&2\n    exit 1\nfi\n# This output is used by Xcode 'outputs' to avoid re-running this script phase.\necho \"SUCCESS\" > \"${SCRIPT_OUTPUT_FILE_0}\"\n";
			showEnvVarsInLog = 0;
		};
		6CD7CD90A758198A2F8F33C3 /* [CP] Embed Pods Frameworks */ = {
			isa = PBXShellScriptBuildPhase;
			buildActionMask = 2147483647;
			files = (
			);
			inputFileListPaths = (
				"${PODS_ROOT}/Target Support Files/Pods-TorontoBikeShare/Pods-TorontoBikeShare-frameworks-${CONFIGURATION}-input-files.xcfilelist",
			);
			name = "[CP] Embed Pods Frameworks";
			outputFileListPaths = (
				"${PODS_ROOT}/Target Support Files/Pods-TorontoBikeShare/Pods-TorontoBikeShare-frameworks-${CONFIGURATION}-output-files.xcfilelist",
			);
			runOnlyForDeploymentPostprocessing = 0;
			shellPath = /bin/sh;
			shellScript = "\"${PODS_ROOT}/Target Support Files/Pods-TorontoBikeShare/Pods-TorontoBikeShare-frameworks.sh\"\n";
			showEnvVarsInLog = 0;
		};
		78F104C1CB5B18FF4EE03FF0 /* [CP] Check Pods Manifest.lock */ = {
			isa = PBXShellScriptBuildPhase;
			buildActionMask = 2147483647;
			files = (
			);
			inputFileListPaths = (
			);
			inputPaths = (
				"${PODS_PODFILE_DIR_PATH}/Podfile.lock",
				"${PODS_ROOT}/Manifest.lock",
			);
			name = "[CP] Check Pods Manifest.lock";
			outputFileListPaths = (
			);
			outputPaths = (
				"$(DERIVED_FILE_DIR)/Pods-TorontoBikeShare-checkManifestLockResult.txt",
			);
			runOnlyForDeploymentPostprocessing = 0;
			shellPath = /bin/sh;
			shellScript = "diff \"${PODS_PODFILE_DIR_PATH}/Podfile.lock\" \"${PODS_ROOT}/Manifest.lock\" > /dev/null\nif [ $? != 0 ] ; then\n    # print error to STDERR\n    echo \"error: The sandbox is not in sync with the Podfile.lock. Run 'pod install' or update your CocoaPods installation.\" >&2\n    exit 1\nfi\n# This output is used by Xcode 'outputs' to avoid re-running this script phase.\necho \"SUCCESS\" > \"${SCRIPT_OUTPUT_FILE_0}\"\n";
			showEnvVarsInLog = 0;
		};
		B6C17D4F3AFA5A019696E56B /* [CP] Embed Pods Frameworks */ = {
			isa = PBXShellScriptBuildPhase;
			buildActionMask = 2147483647;
			files = (
			);
			inputFileListPaths = (
				"${PODS_ROOT}/Target Support Files/Pods-TorontoBikeShare WatchKit Extension/Pods-TorontoBikeShare WatchKit Extension-frameworks-${CONFIGURATION}-input-files.xcfilelist",
			);
			name = "[CP] Embed Pods Frameworks";
			outputFileListPaths = (
				"${PODS_ROOT}/Target Support Files/Pods-TorontoBikeShare WatchKit Extension/Pods-TorontoBikeShare WatchKit Extension-frameworks-${CONFIGURATION}-output-files.xcfilelist",
			);
			runOnlyForDeploymentPostprocessing = 0;
			shellPath = /bin/sh;
			shellScript = "\"${PODS_ROOT}/Target Support Files/Pods-TorontoBikeShare WatchKit Extension/Pods-TorontoBikeShare WatchKit Extension-frameworks.sh\"\n";
			showEnvVarsInLog = 0;
		};
/* End PBXShellScriptBuildPhase section */

/* Begin PBXSourcesBuildPhase section */
		AD5E787024D8BB4000DF9EBF /* Sources */ = {
			isa = PBXSourcesBuildPhase;
			buildActionMask = 2147483647;
			files = (
				AD5E78B624D8BEF100DF9EBF /* DataFetcher.swift in Sources */,
				AD4BC4D524D914F600509A0F /* BikeAnnotation.swift in Sources */,
				AD5E787C24D8BB4000DF9EBF /* ViewController.swift in Sources */,
				AD5E78B424D8BDFF00DF9EBF /* BikeStation.swift in Sources */,
				AD4BC4D724D91B5B00509A0F /* FavoriteButton.swift in Sources */,
				AD5E787824D8BB4000DF9EBF /* AppDelegate.swift in Sources */,
				AD5E787A24D8BB4000DF9EBF /* SceneDelegate.swift in Sources */,
			);
			runOnlyForDeploymentPostprocessing = 0;
		};
		AD5E789324D8BB4200DF9EBF /* Sources */ = {
			isa = PBXSourcesBuildPhase;
			buildActionMask = 2147483647;
			files = (
				AD5E78A124D8BB4200DF9EBF /* NotificationController.swift in Sources */,
				AD5E789F24D8BB4200DF9EBF /* ExtensionDelegate.swift in Sources */,
				AD4BC4D124D8E45800509A0F /* BikeStation.swift in Sources */,
				AD4BC4D324D8ED8B00509A0F /* FavoritesInterfaceController.swift in Sources */,
				AD5E789D24D8BB4200DF9EBF /* InterfaceController.swift in Sources */,
				AD4BC4D024D8E3AB00509A0F /* DataFetcher.swift in Sources */,
			);
			runOnlyForDeploymentPostprocessing = 0;
		};
/* End PBXSourcesBuildPhase section */

/* Begin PBXTargetDependency section */
		AD5E788B24D8BB4100DF9EBF /* PBXTargetDependency */ = {
			isa = PBXTargetDependency;
			target = AD5E788724D8BB4100DF9EBF /* TorontoBikeShare WatchKit App */;
			targetProxy = AD5E788A24D8BB4100DF9EBF /* PBXContainerItemProxy */;
		};
		AD5E789A24D8BB4200DF9EBF /* PBXTargetDependency */ = {
			isa = PBXTargetDependency;
			target = AD5E789624D8BB4200DF9EBF /* TorontoBikeShare WatchKit Extension */;
			targetProxy = AD5E789924D8BB4200DF9EBF /* PBXContainerItemProxy */;
		};
/* End PBXTargetDependency section */

/* Begin PBXVariantGroup section */
		AD5E787D24D8BB4000DF9EBF /* Main.storyboard */ = {
			isa = PBXVariantGroup;
			children = (
				AD5E787E24D8BB4000DF9EBF /* Base */,
			);
			name = Main.storyboard;
			sourceTree = "<group>";
		};
		AD5E788224D8BB4100DF9EBF /* LaunchScreen.storyboard */ = {
			isa = PBXVariantGroup;
			children = (
				AD5E788324D8BB4100DF9EBF /* Base */,
			);
			name = LaunchScreen.storyboard;
			sourceTree = "<group>";
		};
		AD5E788D24D8BB4100DF9EBF /* Interface.storyboard */ = {
			isa = PBXVariantGroup;
			children = (
				AD5E788E24D8BB4100DF9EBF /* Base */,
			);
			name = Interface.storyboard;
			sourceTree = "<group>";
		};
/* End PBXVariantGroup section */

/* Begin XCBuildConfiguration section */
		AD5E78A624D8BB4200DF9EBF /* Debug */ = {
			isa = XCBuildConfiguration;
			buildSettings = {
				ALWAYS_SEARCH_USER_PATHS = NO;
				CLANG_ANALYZER_NONNULL = YES;
				CLANG_ANALYZER_NUMBER_OBJECT_CONVERSION = YES_AGGRESSIVE;
				CLANG_CXX_LANGUAGE_STANDARD = "gnu++14";
				CLANG_CXX_LIBRARY = "libc++";
				CLANG_ENABLE_MODULES = YES;
				CLANG_ENABLE_OBJC_ARC = YES;
				CLANG_ENABLE_OBJC_WEAK = YES;
				CLANG_WARN_BLOCK_CAPTURE_AUTORELEASING = YES;
				CLANG_WARN_BOOL_CONVERSION = YES;
				CLANG_WARN_COMMA = YES;
				CLANG_WARN_CONSTANT_CONVERSION = YES;
				CLANG_WARN_DEPRECATED_OBJC_IMPLEMENTATIONS = YES;
				CLANG_WARN_DIRECT_OBJC_ISA_USAGE = YES_ERROR;
				CLANG_WARN_DOCUMENTATION_COMMENTS = YES;
				CLANG_WARN_EMPTY_BODY = YES;
				CLANG_WARN_ENUM_CONVERSION = YES;
				CLANG_WARN_INFINITE_RECURSION = YES;
				CLANG_WARN_INT_CONVERSION = YES;
				CLANG_WARN_NON_LITERAL_NULL_CONVERSION = YES;
				CLANG_WARN_OBJC_IMPLICIT_RETAIN_SELF = YES;
				CLANG_WARN_OBJC_LITERAL_CONVERSION = YES;
				CLANG_WARN_OBJC_ROOT_CLASS = YES_ERROR;
				CLANG_WARN_RANGE_LOOP_ANALYSIS = YES;
				CLANG_WARN_STRICT_PROTOTYPES = YES;
				CLANG_WARN_SUSPICIOUS_MOVE = YES;
				CLANG_WARN_UNGUARDED_AVAILABILITY = YES_AGGRESSIVE;
				CLANG_WARN_UNREACHABLE_CODE = YES;
				CLANG_WARN__DUPLICATE_METHOD_MATCH = YES;
				COPY_PHASE_STRIP = NO;
				DEBUG_INFORMATION_FORMAT = dwarf;
				ENABLE_STRICT_OBJC_MSGSEND = YES;
				ENABLE_TESTABILITY = YES;
				GCC_C_LANGUAGE_STANDARD = gnu11;
				GCC_DYNAMIC_NO_PIC = NO;
				GCC_NO_COMMON_BLOCKS = YES;
				GCC_OPTIMIZATION_LEVEL = 0;
				GCC_PREPROCESSOR_DEFINITIONS = (
					"DEBUG=1",
					"$(inherited)",
				);
				GCC_WARN_64_TO_32_BIT_CONVERSION = YES;
				GCC_WARN_ABOUT_RETURN_TYPE = YES_ERROR;
				GCC_WARN_UNDECLARED_SELECTOR = YES;
				GCC_WARN_UNINITIALIZED_AUTOS = YES_AGGRESSIVE;
				GCC_WARN_UNUSED_FUNCTION = YES;
				GCC_WARN_UNUSED_VARIABLE = YES;
				IPHONEOS_DEPLOYMENT_TARGET = 13.5;
				MTL_ENABLE_DEBUG_INFO = INCLUDE_SOURCE;
				MTL_FAST_MATH = YES;
				ONLY_ACTIVE_ARCH = YES;
				SDKROOT = iphoneos;
				SWIFT_ACTIVE_COMPILATION_CONDITIONS = DEBUG;
				SWIFT_OPTIMIZATION_LEVEL = "-Onone";
			};
			name = Debug;
		};
		AD5E78A724D8BB4200DF9EBF /* Release */ = {
			isa = XCBuildConfiguration;
			buildSettings = {
				ALWAYS_SEARCH_USER_PATHS = NO;
				CLANG_ANALYZER_NONNULL = YES;
				CLANG_ANALYZER_NUMBER_OBJECT_CONVERSION = YES_AGGRESSIVE;
				CLANG_CXX_LANGUAGE_STANDARD = "gnu++14";
				CLANG_CXX_LIBRARY = "libc++";
				CLANG_ENABLE_MODULES = YES;
				CLANG_ENABLE_OBJC_ARC = YES;
				CLANG_ENABLE_OBJC_WEAK = YES;
				CLANG_WARN_BLOCK_CAPTURE_AUTORELEASING = YES;
				CLANG_WARN_BOOL_CONVERSION = YES;
				CLANG_WARN_COMMA = YES;
				CLANG_WARN_CONSTANT_CONVERSION = YES;
				CLANG_WARN_DEPRECATED_OBJC_IMPLEMENTATIONS = YES;
				CLANG_WARN_DIRECT_OBJC_ISA_USAGE = YES_ERROR;
				CLANG_WARN_DOCUMENTATION_COMMENTS = YES;
				CLANG_WARN_EMPTY_BODY = YES;
				CLANG_WARN_ENUM_CONVERSION = YES;
				CLANG_WARN_INFINITE_RECURSION = YES;
				CLANG_WARN_INT_CONVERSION = YES;
				CLANG_WARN_NON_LITERAL_NULL_CONVERSION = YES;
				CLANG_WARN_OBJC_IMPLICIT_RETAIN_SELF = YES;
				CLANG_WARN_OBJC_LITERAL_CONVERSION = YES;
				CLANG_WARN_OBJC_ROOT_CLASS = YES_ERROR;
				CLANG_WARN_RANGE_LOOP_ANALYSIS = YES;
				CLANG_WARN_STRICT_PROTOTYPES = YES;
				CLANG_WARN_SUSPICIOUS_MOVE = YES;
				CLANG_WARN_UNGUARDED_AVAILABILITY = YES_AGGRESSIVE;
				CLANG_WARN_UNREACHABLE_CODE = YES;
				CLANG_WARN__DUPLICATE_METHOD_MATCH = YES;
				COPY_PHASE_STRIP = NO;
				DEBUG_INFORMATION_FORMAT = "dwarf-with-dsym";
				ENABLE_NS_ASSERTIONS = NO;
				ENABLE_STRICT_OBJC_MSGSEND = YES;
				GCC_C_LANGUAGE_STANDARD = gnu11;
				GCC_NO_COMMON_BLOCKS = YES;
				GCC_WARN_64_TO_32_BIT_CONVERSION = YES;
				GCC_WARN_ABOUT_RETURN_TYPE = YES_ERROR;
				GCC_WARN_UNDECLARED_SELECTOR = YES;
				GCC_WARN_UNINITIALIZED_AUTOS = YES_AGGRESSIVE;
				GCC_WARN_UNUSED_FUNCTION = YES;
				GCC_WARN_UNUSED_VARIABLE = YES;
				IPHONEOS_DEPLOYMENT_TARGET = 13.5;
				MTL_ENABLE_DEBUG_INFO = NO;
				MTL_FAST_MATH = YES;
				SDKROOT = iphoneos;
				SWIFT_COMPILATION_MODE = wholemodule;
				SWIFT_OPTIMIZATION_LEVEL = "-O";
				VALIDATE_PRODUCT = YES;
			};
			name = Release;
		};
		AD5E78A924D8BB4200DF9EBF /* Debug */ = {
			isa = XCBuildConfiguration;
			baseConfigurationReference = 8C307FC5EAA9B7127309F62C /* Pods-TorontoBikeShare WatchKit Extension.debug.xcconfig */;
			buildSettings = {
				ASSETCATALOG_COMPILER_COMPLICATION_NAME = Complication;
				CODE_SIGN_STYLE = Automatic;
				DEVELOPMENT_TEAM = 7TR28E27K7;
				INFOPLIST_FILE = "TorontoBikeShare WatchKit Extension/Info.plist";
				LD_RUNPATH_SEARCH_PATHS = (
					"$(inherited)",
					"@executable_path/Frameworks",
					"@executable_path/../../Frameworks",
				);
				PRODUCT_BUNDLE_IDENTIFIER = com.Protocel.TorontoBikeShare.watchkitapp.watchkitextension;
				PRODUCT_NAME = "${TARGET_NAME}";
				SDKROOT = watchos;
				SKIP_INSTALL = YES;
				SWIFT_VERSION = 5.0;
				TARGETED_DEVICE_FAMILY = 4;
				WATCHOS_DEPLOYMENT_TARGET = 6.2;
			};
			name = Debug;
		};
		AD5E78AA24D8BB4200DF9EBF /* Release */ = {
			isa = XCBuildConfiguration;
			baseConfigurationReference = BB3ECD762B10E9F8D515CE53 /* Pods-TorontoBikeShare WatchKit Extension.release.xcconfig */;
			buildSettings = {
				ASSETCATALOG_COMPILER_COMPLICATION_NAME = Complication;
				CODE_SIGN_STYLE = Automatic;
				DEVELOPMENT_TEAM = 7TR28E27K7;
				INFOPLIST_FILE = "TorontoBikeShare WatchKit Extension/Info.plist";
				LD_RUNPATH_SEARCH_PATHS = (
					"$(inherited)",
					"@executable_path/Frameworks",
					"@executable_path/../../Frameworks",
				);
				PRODUCT_BUNDLE_IDENTIFIER = com.Protocel.TorontoBikeShare.watchkitapp.watchkitextension;
				PRODUCT_NAME = "${TARGET_NAME}";
				SDKROOT = watchos;
				SKIP_INSTALL = YES;
				SWIFT_VERSION = 5.0;
				TARGETED_DEVICE_FAMILY = 4;
				WATCHOS_DEPLOYMENT_TARGET = 6.2;
			};
			name = Release;
		};
		AD5E78AD24D8BB4200DF9EBF /* Debug */ = {
			isa = XCBuildConfiguration;
			baseConfigurationReference = A866D93359FE24BC7EB4DF11 /* Pods-TorontoBikeShare WatchKit App.debug.xcconfig */;
			buildSettings = {
				ALWAYS_EMBED_SWIFT_STANDARD_LIBRARIES = YES;
				ASSETCATALOG_COMPILER_APPICON_NAME = AppIcon;
				CODE_SIGN_STYLE = Automatic;
				DEVELOPMENT_TEAM = 7TR28E27K7;
				IBSC_MODULE = TorontoBikeShare_WatchKit_Extension;
				INFOPLIST_FILE = "TorontoBikeShare WatchKit App/Info.plist";
				PRODUCT_BUNDLE_IDENTIFIER = com.Protocel.TorontoBikeShare.watchkitapp;
				PRODUCT_NAME = "$(TARGET_NAME)";
				SDKROOT = watchos;
				SKIP_INSTALL = YES;
				SWIFT_VERSION = 5.0;
				TARGETED_DEVICE_FAMILY = 4;
				WATCHOS_DEPLOYMENT_TARGET = 6.2;
			};
			name = Debug;
		};
		AD5E78AE24D8BB4200DF9EBF /* Release */ = {
			isa = XCBuildConfiguration;
			baseConfigurationReference = 36788278EC8839C844D0B7D0 /* Pods-TorontoBikeShare WatchKit App.release.xcconfig */;
			buildSettings = {
				ALWAYS_EMBED_SWIFT_STANDARD_LIBRARIES = YES;
				ASSETCATALOG_COMPILER_APPICON_NAME = AppIcon;
				CODE_SIGN_STYLE = Automatic;
				DEVELOPMENT_TEAM = 7TR28E27K7;
				IBSC_MODULE = TorontoBikeShare_WatchKit_Extension;
				INFOPLIST_FILE = "TorontoBikeShare WatchKit App/Info.plist";
				PRODUCT_BUNDLE_IDENTIFIER = com.Protocel.TorontoBikeShare.watchkitapp;
				PRODUCT_NAME = "$(TARGET_NAME)";
				SDKROOT = watchos;
				SKIP_INSTALL = YES;
				SWIFT_VERSION = 5.0;
				TARGETED_DEVICE_FAMILY = 4;
				WATCHOS_DEPLOYMENT_TARGET = 6.2;
			};
			name = Release;
		};
		AD5E78B124D8BB4200DF9EBF /* Debug */ = {
			isa = XCBuildConfiguration;
			baseConfigurationReference = E81CFE9457EAC6B43A331FDB /* Pods-TorontoBikeShare.debug.xcconfig */;
			buildSettings = {
				ASSETCATALOG_COMPILER_APPICON_NAME = AppIcon;
				CODE_SIGN_STYLE = Automatic;
				DEVELOPMENT_TEAM = 7TR28E27K7;
				INFOPLIST_FILE = TorontoBikeShare/Info.plist;
				LD_RUNPATH_SEARCH_PATHS = (
					"$(inherited)",
					"@executable_path/Frameworks",
				);
				PRODUCT_BUNDLE_IDENTIFIER = com.Protocel.TorontoBikeShare;
				PRODUCT_NAME = "$(TARGET_NAME)";
				SWIFT_VERSION = 5.0;
				TARGETED_DEVICE_FAMILY = "1,2";
			};
			name = Debug;
		};
		AD5E78B224D8BB4200DF9EBF /* Release */ = {
			isa = XCBuildConfiguration;
			baseConfigurationReference = 63B7D64D41C324B4295CE63D /* Pods-TorontoBikeShare.release.xcconfig */;
			buildSettings = {
				ASSETCATALOG_COMPILER_APPICON_NAME = AppIcon;
				CODE_SIGN_STYLE = Automatic;
				DEVELOPMENT_TEAM = 7TR28E27K7;
				INFOPLIST_FILE = TorontoBikeShare/Info.plist;
				LD_RUNPATH_SEARCH_PATHS = (
					"$(inherited)",
					"@executable_path/Frameworks",
				);
				PRODUCT_BUNDLE_IDENTIFIER = com.Protocel.TorontoBikeShare;
				PRODUCT_NAME = "$(TARGET_NAME)";
				SWIFT_VERSION = 5.0;
				TARGETED_DEVICE_FAMILY = "1,2";
			};
			name = Release;
		};
/* End XCBuildConfiguration section */

/* Begin XCConfigurationList section */
		AD5E786F24D8BB4000DF9EBF /* Build configuration list for PBXProject "TorontoBikeShare" */ = {
			isa = XCConfigurationList;
			buildConfigurations = (
				AD5E78A624D8BB4200DF9EBF /* Debug */,
				AD5E78A724D8BB4200DF9EBF /* Release */,
			);
			defaultConfigurationIsVisible = 0;
			defaultConfigurationName = Release;
		};
		AD5E78A824D8BB4200DF9EBF /* Build configuration list for PBXNativeTarget "TorontoBikeShare WatchKit Extension" */ = {
			isa = XCConfigurationList;
			buildConfigurations = (
				AD5E78A924D8BB4200DF9EBF /* Debug */,
				AD5E78AA24D8BB4200DF9EBF /* Release */,
			);
			defaultConfigurationIsVisible = 0;
			defaultConfigurationName = Release;
		};
		AD5E78AC24D8BB4200DF9EBF /* Build configuration list for PBXNativeTarget "TorontoBikeShare WatchKit App" */ = {
			isa = XCConfigurationList;
			buildConfigurations = (
				AD5E78AD24D8BB4200DF9EBF /* Debug */,
				AD5E78AE24D8BB4200DF9EBF /* Release */,
			);
			defaultConfigurationIsVisible = 0;
			defaultConfigurationName = Release;
		};
		AD5E78B024D8BB4200DF9EBF /* Build configuration list for PBXNativeTarget "TorontoBikeShare" */ = {
			isa = XCConfigurationList;
			buildConfigurations = (
				AD5E78B124D8BB4200DF9EBF /* Debug */,
				AD5E78B224D8BB4200DF9EBF /* Release */,
			);
			defaultConfigurationIsVisible = 0;
			defaultConfigurationName = Release;
		};
/* End XCConfigurationList section */
	};
	rootObject = AD5E786C24D8BB4000DF9EBF /* Project object */;
}
